
Microsoft Visual Studio Solution File, Format Version 12.00
# Visual Studio 14
VisualStudioVersion = 14.0.25420.1
MinimumVisualStudioVersion = 10.0.40219.1
Project("{FAE04EC0-301F-11D3-BF4B-00C04F79EFBC}") = "Honduras_Shopping.Web", "Honduras_Shopping.Web\Honduras_Shopping.Web.csproj", "{EE9E60AC-E0E7-49AE-BC77-372C9C37D906}"
EndProject
Project("{FAE04EC0-301F-11D3-BF4B-00C04F79EFBC}") = "Honduras_Shopping.WebAdmin", "Honduras_Shopping.WebAdmin\Honduras_Shopping.WebAdmin.csproj", "{5DD2B086-6479-4775-8E2E-5CA1E10530F4}"
EndProject
Project("{FAE04EC0-301F-11D3-BF4B-00C04F79EFBC}") = "Honduras_Shopping.Win", "Honduras_Shopping.Win\Honduras_Shopping.Win.csproj", "{087A034A-8DC4-4BCC-9A3C-B9C7FE775343}"
EndProject
Project("{FAE04EC0-301F-11D3-BF4B-00C04F79EFBC}") = "Honduras_Shopping.BL", "Honduras_Shopping.BL\Honduras_Shopping.BL.csproj", "{EE2D3BFF-EA83-4B60-8D21-E60B07F1618B}"
EndProject
Global
	GlobalSection(SolutionConfigurationPlatforms) = preSolution
		Debug|Any CPU = Debug|Any CPU
		Release|Any CPU = Release|Any CPU
	EndGlobalSection
	GlobalSection(ProjectConfigurationPlatforms) = postSolution
		{EE9E60AC-E0E7-49AE-BC77-372C9C37D906}.Debug|Any CPU.ActiveCfg = Debug|Any CPU
		{EE9E60AC-E0E7-49AE-BC77-372C9C37D906}.Debug|Any CPU.Build.0 = Debug|Any CPU
		{EE9E60AC-E0E7-49AE-BC77-372C9C37D906}.Release|Any CPU.ActiveCfg = Release|Any CPU
		{EE9E60AC-E0E7-49AE-BC77-372C9C37D906}.Release|Any CPU.Build.0 = Release|Any CPU
		{5DD2B086-6479-4775-8E2E-5CA1E10530F4}.Debug|Any CPU.ActiveCfg = Debug|Any CPU
		{5DD2B086-6479-4775-8E2E-5CA1E10530F4}.Debug|Any CPU.Build.0 = Debug|Any CPU
		{5DD2B086-6479-4775-8E2E-5CA1E10530F4}.Release|Any CPU.ActiveCfg = Release|Any CPU
		{5DD2B086-6479-4775-8E2E-5CA1E10530F4}.Release|Any CPU.Build.0 = Release|Any CPU
		{087A034A-8DC4-4BCC-9A3C-B9C7FE775343}.Debug|Any CPU.ActiveCfg = Debug|Any CPU
		{087A034A-8DC4-4BCC-9A3C-B9C7FE775343}.Debug|Any CPU.Build.0 = Debug|Any CPU
		{087A034A-8DC4-4BCC-9A3C-B9C7FE775343}.Release|Any CPU.ActiveCfg = Release|Any CPU
		{087A034A-8DC4-4BCC-9A3C-B9C7FE775343}.Release|Any CPU.Build.0 = Release|Any CPU
		{EE2D3BFF-EA83-4B60-8D21-E60B07F1618B}.Debug|Any CPU.ActiveCfg = Debug|Any CPU
		{EE2D3BFF-EA83-4B60-8D21-E60B07F1618B}.Debug|Any CPU.Build.0 = Debug|Any CPU
		{EE2D3BFF-EA83-4B60-8D21-E60B07F1618B}.Release|Any CPU.ActiveCfg = Release|Any CPU
		{EE2D3BFF-EA83-4B60-8D21-E60B07F1618B}.Release|Any CPU.Build.0 = Release|Any CPU
	EndGlobalSection
	GlobalSection(SolutionProperties) = preSolution
		HideSolutionNode = FALSE
	EndGlobalSection
EndGlobal
